// !$*UTF8*$!
{
	archiveVersion = 1;
	classes = {
	};
	objectVersion = 50;
	objects = {

/* Begin PBXBuildFile section */
		466A30633CFD717FA85B9CB9 /* Pods_Guess_the_Place_Tests.framework in Frameworks */ = {isa = PBXBuildFile; fileRef = 3C497331F8AC600104C98B1D /* Pods_Guess_the_Place_Tests.framework */; };
		4CB9F3A3223A5ED8008F736A /* AppDelegate.swift in Sources */ = {isa = PBXBuildFile; fileRef = 4CB9F3A2223A5ED8008F736A /* AppDelegate.swift */; };
		4CB9F3AA223A5EDA008F736A /* Assets.xcassets in Resources */ = {isa = PBXBuildFile; fileRef = 4CB9F3A9223A5EDA008F736A /* Assets.xcassets */; };
		4CB9F3AD223A5EDA008F736A /* LaunchScreen.storyboard in Resources */ = {isa = PBXBuildFile; fileRef = 4CB9F3AB223A5EDA008F736A /* LaunchScreen.storyboard */; };
		4CB9F3B8223A5EDA008F736A /* Guess_the_Place_Tests.swift in Sources */ = {isa = PBXBuildFile; fileRef = 4CB9F3B7223A5EDA008F736A /* Guess_the_Place_Tests.swift */; };
		4CB9F3C9223A615A008F736A /* PanoramaViewController.swift in Sources */ = {isa = PBXBuildFile; fileRef = 4CB9F3C7223A615A008F736A /* PanoramaViewController.swift */; };
		4CB9F3CA223A615A008F736A /* PanoramaViewController.xib in Resources */ = {isa = PBXBuildFile; fileRef = 4CB9F3C8223A615A008F736A /* PanoramaViewController.xib */; };
		4CB9F3CD223A79E3008F736A /* GoogleMapsService.swift in Sources */ = {isa = PBXBuildFile; fileRef = 4CB9F3CC223A79E3008F736A /* GoogleMapsService.swift */; };
		4CB9F3D0223A7A7A008F736A /* GoogleMapsServiceImplementation.swift in Sources */ = {isa = PBXBuildFile; fileRef = 4CB9F3CF223A7A7A008F736A /* GoogleMapsServiceImplementation.swift */; };
		4CB9F3D3223A7F3F008F736A /* PanoramaController.swift in Sources */ = {isa = PBXBuildFile; fileRef = 4CB9F3D2223A7F3F008F736A /* PanoramaController.swift */; };
		4CB9F3D5223A8054008F736A /* RootRouter.swift in Sources */ = {isa = PBXBuildFile; fileRef = 4CB9F3D4223A8054008F736A /* RootRouter.swift */; };
		4CB9F3D9223BB312008F736A /* Lifecycable.swift in Sources */ = {isa = PBXBuildFile; fileRef = 4CB9F3D8223BB312008F736A /* Lifecycable.swift */; };
		4CB9F3DC223BB523008F736A /* RandomCoords.swift in Sources */ = {isa = PBXBuildFile; fileRef = 4CB9F3DB223BB523008F736A /* RandomCoords.swift */; };
		7695A6BF00575867942415FF /* Pods_Guess_the_Place_.framework in Frameworks */ = {isa = PBXBuildFile; fileRef = FB044B08C187E5C37810B6AE /* Pods_Guess_the_Place_.framework */; };
/* End PBXBuildFile section */

/* Begin PBXContainerItemProxy section */
		4CB9F3B4223A5EDA008F736A /* PBXContainerItemProxy */ = {
			isa = PBXContainerItemProxy;
			containerPortal = 4CB9F397223A5ED7008F736A /* Project object */;
			proxyType = 1;
			remoteGlobalIDString = 4CB9F39E223A5ED8008F736A;
			remoteInfo = "Guess the Place!";
		};
/* End PBXContainerItemProxy section */

/* Begin PBXFileReference section */
		1DBABB6458F15E818FDD718B /* Pods-Guess the Place!.release.xcconfig */ = {isa = PBXFileReference; includeInIndex = 1; lastKnownFileType = text.xcconfig; name = "Pods-Guess the Place!.release.xcconfig"; path = "Target Support Files/Pods-Guess the Place!/Pods-Guess the Place!.release.xcconfig"; sourceTree = "<group>"; };
		3C497331F8AC600104C98B1D /* Pods_Guess_the_Place_Tests.framework */ = {isa = PBXFileReference; explicitFileType = wrapper.framework; includeInIndex = 0; path = Pods_Guess_the_Place_Tests.framework; sourceTree = BUILT_PRODUCTS_DIR; };
		4CB9F39F223A5ED8008F736A /* Guess the Place!.app */ = {isa = PBXFileReference; explicitFileType = wrapper.application; includeInIndex = 0; path = "Guess the Place!.app"; sourceTree = BUILT_PRODUCTS_DIR; };
		4CB9F3A2223A5ED8008F736A /* AppDelegate.swift */ = {isa = PBXFileReference; lastKnownFileType = sourcecode.swift; path = AppDelegate.swift; sourceTree = "<group>"; };
		4CB9F3A9223A5EDA008F736A /* Assets.xcassets */ = {isa = PBXFileReference; lastKnownFileType = folder.assetcatalog; path = Assets.xcassets; sourceTree = "<group>"; };
		4CB9F3AC223A5EDA008F736A /* Base */ = {isa = PBXFileReference; lastKnownFileType = file.storyboard; name = Base; path = Base.lproj/LaunchScreen.storyboard; sourceTree = "<group>"; };
		4CB9F3AE223A5EDA008F736A /* Info.plist */ = {isa = PBXFileReference; lastKnownFileType = text.plist.xml; path = Info.plist; sourceTree = "<group>"; };
		4CB9F3B3223A5EDA008F736A /* Guess the Place!Tests.xctest */ = {isa = PBXFileReference; explicitFileType = wrapper.cfbundle; includeInIndex = 0; path = "Guess the Place!Tests.xctest"; sourceTree = BUILT_PRODUCTS_DIR; };
		4CB9F3B7223A5EDA008F736A /* Guess_the_Place_Tests.swift */ = {isa = PBXFileReference; lastKnownFileType = sourcecode.swift; path = Guess_the_Place_Tests.swift; sourceTree = "<group>"; };
		4CB9F3B9223A5EDA008F736A /* Info.plist */ = {isa = PBXFileReference; lastKnownFileType = text.plist.xml; path = Info.plist; sourceTree = "<group>"; };
		4CB9F3C7223A615A008F736A /* PanoramaViewController.swift */ = {isa = PBXFileReference; lastKnownFileType = sourcecode.swift; path = PanoramaViewController.swift; sourceTree = "<group>"; };
		4CB9F3C8223A615A008F736A /* PanoramaViewController.xib */ = {isa = PBXFileReference; lastKnownFileType = file.xib; path = PanoramaViewController.xib; sourceTree = "<group>"; };
		4CB9F3CC223A79E3008F736A /* GoogleMapsService.swift */ = {isa = PBXFileReference; lastKnownFileType = sourcecode.swift; path = GoogleMapsService.swift; sourceTree = "<group>"; };
		4CB9F3CF223A7A7A008F736A /* GoogleMapsServiceImplementation.swift */ = {isa = PBXFileReference; lastKnownFileType = sourcecode.swift; path = GoogleMapsServiceImplementation.swift; sourceTree = "<group>"; };
		4CB9F3D2223A7F3F008F736A /* PanoramaController.swift */ = {isa = PBXFileReference; lastKnownFileType = sourcecode.swift; path = PanoramaController.swift; sourceTree = "<group>"; };
		4CB9F3D4223A8054008F736A /* RootRouter.swift */ = {isa = PBXFileReference; lastKnownFileType = sourcecode.swift; path = RootRouter.swift; sourceTree = "<group>"; };
		4CB9F3D8223BB312008F736A /* Lifecycable.swift */ = {isa = PBXFileReference; lastKnownFileType = sourcecode.swift; path = Lifecycable.swift; sourceTree = "<group>"; };
		4CB9F3DB223BB523008F736A /* RandomCoords.swift */ = {isa = PBXFileReference; lastKnownFileType = sourcecode.swift; path = RandomCoords.swift; sourceTree = "<group>"; };
		5EA408CA3833CAB279C778DF /* Pods-Guess the Place!Tests.release.xcconfig */ = {isa = PBXFileReference; includeInIndex = 1; lastKnownFileType = text.xcconfig; name = "Pods-Guess the Place!Tests.release.xcconfig"; path = "Target Support Files/Pods-Guess the Place!Tests/Pods-Guess the Place!Tests.release.xcconfig"; sourceTree = "<group>"; };
		7B5811B68721DEA074DBBDE7 /* Pods-Guess the Place!.debug.xcconfig */ = {isa = PBXFileReference; includeInIndex = 1; lastKnownFileType = text.xcconfig; name = "Pods-Guess the Place!.debug.xcconfig"; path = "Target Support Files/Pods-Guess the Place!/Pods-Guess the Place!.debug.xcconfig"; sourceTree = "<group>"; };
		F5A642AC660A24B2ADE70EEF /* Pods-Guess the Place!Tests.debug.xcconfig */ = {isa = PBXFileReference; includeInIndex = 1; lastKnownFileType = text.xcconfig; name = "Pods-Guess the Place!Tests.debug.xcconfig"; path = "Target Support Files/Pods-Guess the Place!Tests/Pods-Guess the Place!Tests.debug.xcconfig"; sourceTree = "<group>"; };
		FB044B08C187E5C37810B6AE /* Pods_Guess_the_Place_.framework */ = {isa = PBXFileReference; explicitFileType = wrapper.framework; includeInIndex = 0; path = Pods_Guess_the_Place_.framework; sourceTree = BUILT_PRODUCTS_DIR; };
/* End PBXFileReference section */

/* Begin PBXFrameworksBuildPhase section */
		4CB9F39C223A5ED8008F736A /* Frameworks */ = {
			isa = PBXFrameworksBuildPhase;
			buildActionMask = 2147483647;
			files = (
				7695A6BF00575867942415FF /* Pods_Guess_the_Place_.framework in Frameworks */,
			);
			runOnlyForDeploymentPostprocessing = 0;
		};
		4CB9F3B0223A5EDA008F736A /* Frameworks */ = {
			isa = PBXFrameworksBuildPhase;
			buildActionMask = 2147483647;
			files = (
				466A30633CFD717FA85B9CB9 /* Pods_Guess_the_Place_Tests.framework in Frameworks */,
			);
			runOnlyForDeploymentPostprocessing = 0;
		};
/* End PBXFrameworksBuildPhase section */

/* Begin PBXGroup section */
		4CB9F396223A5ED7008F736A = {
			isa = PBXGroup;
			children = (
				4CB9F3A1223A5ED8008F736A /* Guess the Place! */,
				4CB9F3B6223A5EDA008F736A /* Guess the Place!Tests */,
				4CB9F3A0223A5ED8008F736A /* Products */,
				D20E324F8E48D538B030FFB8 /* Pods */,
				EC5F5150F6492F4CE1D7E87F /* Frameworks */,
			);
			sourceTree = "<group>";
		};
		4CB9F3A0223A5ED8008F736A /* Products */ = {
			isa = PBXGroup;
			children = (
				4CB9F39F223A5ED8008F736A /* Guess the Place!.app */,
				4CB9F3B3223A5EDA008F736A /* Guess the Place!Tests.xctest */,
			);
			name = Products;
			sourceTree = "<group>";
		};
		4CB9F3A1223A5ED8008F736A /* Guess the Place! */ = {
			isa = PBXGroup;
			children = (
				4CB9F3A2223A5ED8008F736A /* AppDelegate.swift */,
				4CB9F3C3223A6109008F736A /* Sources */,
				4CB9F3C2223A5F49008F736A /* Resources */,
			);
			path = "Guess the Place!";
			sourceTree = "<group>";
		};
		4CB9F3B6223A5EDA008F736A /* Guess the Place!Tests */ = {
			isa = PBXGroup;
			children = (
				4CB9F3B7223A5EDA008F736A /* Guess_the_Place_Tests.swift */,
				4CB9F3B9223A5EDA008F736A /* Info.plist */,
			);
			path = "Guess the Place!Tests";
			sourceTree = "<group>";
		};
		4CB9F3C2223A5F49008F736A /* Resources */ = {
			isa = PBXGroup;
			children = (
				4CB9F3A9223A5EDA008F736A /* Assets.xcassets */,
				4CB9F3AB223A5EDA008F736A /* LaunchScreen.storyboard */,
				4CB9F3AE223A5EDA008F736A /* Info.plist */,
			);
			path = Resources;
			sourceTree = "<group>";
		};
		4CB9F3C3223A6109008F736A /* Sources */ = {
			isa = PBXGroup;
			children = (
				4CB9F3DA223BB511008F736A /* Models */,
				4CB9F3D7223BB2F9008F736A /* Protocols */,
				4CB9F3D1223A7F2A008F736A /* Controllers */,
				4CB9F3CB223A79C9008F736A /* Services */,
				4CB9F3C5223A6128008F736A /* Screens */,
				4CB9F3C4223A6121008F736A /* Routers */,
			);
			path = Sources;
			sourceTree = "<group>";
		};
		4CB9F3C4223A6121008F736A /* Routers */ = {
			isa = PBXGroup;
			children = (
				4CB9F3D4223A8054008F736A /* RootRouter.swift */,
			);
			path = Routers;
			sourceTree = "<group>";
		};
		4CB9F3C5223A6128008F736A /* Screens */ = {
			isa = PBXGroup;
			children = (
				4CB9F3C6223A6140008F736A /* Panorama */,
			);
			path = Screens;
			sourceTree = "<group>";
		};
		4CB9F3C6223A6140008F736A /* Panorama */ = {
			isa = PBXGroup;
			children = (
				4CB9F3C7223A615A008F736A /* PanoramaViewController.swift */,
				4CB9F3C8223A615A008F736A /* PanoramaViewController.xib */,
			);
			path = Panorama;
			sourceTree = "<group>";
		};
		4CB9F3CB223A79C9008F736A /* Services */ = {
			isa = PBXGroup;
			children = (
				4CB9F3CE223A7A57008F736A /* Google Maps */,
			);
			path = Services;
			sourceTree = "<group>";
		};
		4CB9F3CE223A7A57008F736A /* Google Maps */ = {
			isa = PBXGroup;
			children = (
				4CB9F3CC223A79E3008F736A /* GoogleMapsService.swift */,
				4CB9F3CF223A7A7A008F736A /* GoogleMapsServiceImplementation.swift */,
			);
			path = "Google Maps";
			sourceTree = "<group>";
		};
		4CB9F3D1223A7F2A008F736A /* Controllers */ = {
			isa = PBXGroup;
			children = (
				4CB9F3D2223A7F3F008F736A /* PanoramaController.swift */,
			);
			path = Controllers;
			sourceTree = "<group>";
		};
		4CB9F3D7223BB2F9008F736A /* Protocols */ = {
			isa = PBXGroup;
			children = (
				4CB9F3D8223BB312008F736A /* Lifecycable.swift */,
			);
			path = Protocols;
			sourceTree = "<group>";
		};
		4CB9F3DA223BB511008F736A /* Models */ = {
			isa = PBXGroup;
			children = (
				4CB9F3DB223BB523008F736A /* RandomCoords.swift */,
			);
			path = Models;
			sourceTree = "<group>";
		};
		D20E324F8E48D538B030FFB8 /* Pods */ = {
			isa = PBXGroup;
			children = (
				7B5811B68721DEA074DBBDE7 /* Pods-Guess the Place!.debug.xcconfig */,
				1DBABB6458F15E818FDD718B /* Pods-Guess the Place!.release.xcconfig */,
				F5A642AC660A24B2ADE70EEF /* Pods-Guess the Place!Tests.debug.xcconfig */,
				5EA408CA3833CAB279C778DF /* Pods-Guess the Place!Tests.release.xcconfig */,
			);
			path = Pods;
			sourceTree = "<group>";
		};
		EC5F5150F6492F4CE1D7E87F /* Frameworks */ = {
			isa = PBXGroup;
			children = (
				FB044B08C187E5C37810B6AE /* Pods_Guess_the_Place_.framework */,
				3C497331F8AC600104C98B1D /* Pods_Guess_the_Place_Tests.framework */,
			);
			name = Frameworks;
			sourceTree = "<group>";
		};
/* End PBXGroup section */

/* Begin PBXNativeTarget section */
		4CB9F39E223A5ED8008F736A /* Guess the Place! */ = {
			isa = PBXNativeTarget;
			buildConfigurationList = 4CB9F3BC223A5EDA008F736A /* Build configuration list for PBXNativeTarget "Guess the Place!" */;
			buildPhases = (
				E9DB329CAF9179873689E676 /* [CP] Check Pods Manifest.lock */,
				4CB9F39B223A5ED8008F736A /* Sources */,
				4CB9F39C223A5ED8008F736A /* Frameworks */,
				4CB9F39D223A5ED8008F736A /* Resources */,
				573E366216A858BBD64B7FB5 /* [CP] Copy Pods Resources */,
			);
			buildRules = (
			);
			dependencies = (
			);
			name = "Guess the Place!";
			productName = "Guess the Place!";
			productReference = 4CB9F39F223A5ED8008F736A /* Guess the Place!.app */;
			productType = "com.apple.product-type.application";
		};
		4CB9F3B2223A5EDA008F736A /* Guess the Place!Tests */ = {
			isa = PBXNativeTarget;
			buildConfigurationList = 4CB9F3BF223A5EDA008F736A /* Build configuration list for PBXNativeTarget "Guess the Place!Tests" */;
			buildPhases = (
				E50F0735382F82EFA867A492 /* [CP] Check Pods Manifest.lock */,
				4CB9F3AF223A5EDA008F736A /* Sources */,
				4CB9F3B0223A5EDA008F736A /* Frameworks */,
				4CB9F3B1223A5EDA008F736A /* Resources */,
			);
			buildRules = (
			);
			dependencies = (
				4CB9F3B5223A5EDA008F736A /* PBXTargetDependency */,
			);
			name = "Guess the Place!Tests";
			productName = "Guess the Place!Tests";
			productReference = 4CB9F3B3223A5EDA008F736A /* Guess the Place!Tests.xctest */;
			productType = "com.apple.product-type.bundle.unit-test";
		};
/* End PBXNativeTarget section */

/* Begin PBXProject section */
		4CB9F397223A5ED7008F736A /* Project object */ = {
			isa = PBXProject;
			attributes = {
				LastSwiftUpdateCheck = 1010;
				LastUpgradeCheck = 1010;
				ORGANIZATIONNAME = Tesnik;
				TargetAttributes = {
					4CB9F39E223A5ED8008F736A = {
						CreatedOnToolsVersion = 10.1;
					};
					4CB9F3B2223A5EDA008F736A = {
						CreatedOnToolsVersion = 10.1;
						TestTargetID = 4CB9F39E223A5ED8008F736A;
					};
				};
			};
			buildConfigurationList = 4CB9F39A223A5ED7008F736A /* Build configuration list for PBXProject "Guess the Place!" */;
			compatibilityVersion = "Xcode 9.3";
			developmentRegion = en;
			hasScannedForEncodings = 0;
			knownRegions = (
				en,
				Base,
			);
			mainGroup = 4CB9F396223A5ED7008F736A;
			productRefGroup = 4CB9F3A0223A5ED8008F736A /* Products */;
			projectDirPath = "";
			projectRoot = "";
			targets = (
				4CB9F39E223A5ED8008F736A /* Guess the Place! */,
				4CB9F3B2223A5EDA008F736A /* Guess the Place!Tests */,
			);
		};
/* End PBXProject section */

/* Begin PBXResourcesBuildPhase section */
		4CB9F39D223A5ED8008F736A /* Resources */ = {
			isa = PBXResourcesBuildPhase;
			buildActionMask = 2147483647;
			files = (
				4CB9F3CA223A615A008F736A /* PanoramaViewController.xib in Resources */,
				4CB9F3AD223A5EDA008F736A /* LaunchScreen.storyboard in Resources */,
				4CB9F3AA223A5EDA008F736A /* Assets.xcassets in Resources */,
			);
			runOnlyForDeploymentPostprocessing = 0;
		};
		4CB9F3B1223A5EDA008F736A /* Resources */ = {
			isa = PBXResourcesBuildPhase;
			buildActionMask = 2147483647;
			files = (
			);
			runOnlyForDeploymentPostprocessing = 0;
		};
/* End PBXResourcesBuildPhase section */

/* Begin PBXShellScriptBuildPhase section */
		573E366216A858BBD64B7FB5 /* [CP] Copy Pods Resources */ = {
			isa = PBXShellScriptBuildPhase;
			buildActionMask = 2147483647;
			files = (
			);
			inputFileListPaths = (
			);
			inputPaths = (
				"${PODS_ROOT}/Target Support Files/Pods-Guess the Place!/Pods-Guess the Place!-resources.sh",
				"${PODS_ROOT}/GoogleMaps/Maps/Frameworks/GoogleMaps.framework/Resources/GoogleMaps.bundle",
				"${PODS_ROOT}/GooglePlaces/Frameworks/GooglePlaces.framework/Resources/GooglePlaces.bundle",
			);
			name = "[CP] Copy Pods Resources";
			outputFileListPaths = (
			);
			outputPaths = (
				"${TARGET_BUILD_DIR}/${UNLOCALIZED_RESOURCES_FOLDER_PATH}/GoogleMaps.bundle",
				"${TARGET_BUILD_DIR}/${UNLOCALIZED_RESOURCES_FOLDER_PATH}/GooglePlaces.bundle",
			);
			runOnlyForDeploymentPostprocessing = 0;
			shellPath = /bin/sh;
			shellScript = "\"${PODS_ROOT}/Target Support Files/Pods-Guess the Place!/Pods-Guess the Place!-resources.sh\"\n";
			showEnvVarsInLog = 0;
		};
		E50F0735382F82EFA867A492 /* [CP] Check Pods Manifest.lock */ = {
			isa = PBXShellScriptBuildPhase;
			buildActionMask = 2147483647;
			files = (
			);
			inputFileListPaths = (
			);
			inputPaths = (
				"${PODS_PODFILE_DIR_PATH}/Podfile.lock",
				"${PODS_ROOT}/Manifest.lock",
			);
			name = "[CP] Check Pods Manifest.lock";
			outputFileListPaths = (
			);
			outputPaths = (
				"$(DERIVED_FILE_DIR)/Pods-Guess the Place!Tests-checkManifestLockResult.txt",
			);
			runOnlyForDeploymentPostprocessing = 0;
			shellPath = /bin/sh;
			shellScript = "diff \"${PODS_PODFILE_DIR_PATH}/Podfile.lock\" \"${PODS_ROOT}/Manifest.lock\" > /dev/null\nif [ $? != 0 ] ; then\n    # print error to STDERR\n    echo \"error: The sandbox is not in sync with the Podfile.lock. Run 'pod install' or update your CocoaPods installation.\" >&2\n    exit 1\nfi\n# This output is used by Xcode 'outputs' to avoid re-running this script phase.\necho \"SUCCESS\" > \"${SCRIPT_OUTPUT_FILE_0}\"\n";
			showEnvVarsInLog = 0;
		};
		E9DB329CAF9179873689E676 /* [CP] Check Pods Manifest.lock */ = {
			isa = PBXShellScriptBuildPhase;
			buildActionMask = 2147483647;
			files = (
			);
			inputFileListPaths = (
			);
			inputPaths = (
				"${PODS_PODFILE_DIR_PATH}/Podfile.lock",
				"${PODS_ROOT}/Manifest.lock",
			);
			name = "[CP] Check Pods Manifest.lock";
			outputFileListPaths = (
			);
			outputPaths = (
				"$(DERIVED_FILE_DIR)/Pods-Guess the Place!-checkManifestLockResult.txt",
			);
			runOnlyForDeploymentPostprocessing = 0;
			shellPath = /bin/sh;
			shellScript = "diff \"${PODS_PODFILE_DIR_PATH}/Podfile.lock\" \"${PODS_ROOT}/Manifest.lock\" > /dev/null\nif [ $? != 0 ] ; then\n    # print error to STDERR\n    echo \"error: The sandbox is not in sync with the Podfile.lock. Run 'pod install' or update your CocoaPods installation.\" >&2\n    exit 1\nfi\n# This output is used by Xcode 'outputs' to avoid re-running this script phase.\necho \"SUCCESS\" > \"${SCRIPT_OUTPUT_FILE_0}\"\n";
			showEnvVarsInLog = 0;
		};
/* End PBXShellScriptBuildPhase section */

/* Begin PBXSourcesBuildPhase section */
		4CB9F39B223A5ED8008F736A /* Sources */ = {
			isa = PBXSourcesBuildPhase;
			buildActionMask = 2147483647;
			files = (
				4CB9F3DC223BB523008F736A /* RandomCoords.swift in Sources */,
				4CB9F3A3223A5ED8008F736A /* AppDelegate.swift in Sources */,
				4CB9F3D0223A7A7A008F736A /* GoogleMapsServiceImplementation.swift in Sources */,
				4CB9F3D3223A7F3F008F736A /* PanoramaController.swift in Sources */,
				4CB9F3CD223A79E3008F736A /* GoogleMapsService.swift in Sources */,
				4CB9F3D5223A8054008F736A /* RootRouter.swift in Sources */,
				4CB9F3D9223BB312008F736A /* Lifecycable.swift in Sources */,
				4CB9F3C9223A615A008F736A /* PanoramaViewController.swift in Sources */,
			);
			runOnlyForDeploymentPostprocessing = 0;
		};
		4CB9F3AF223A5EDA008F736A /* Sources */ = {
			isa = PBXSourcesBuildPhase;
			buildActionMask = 2147483647;
			files = (
				4CB9F3B8223A5EDA008F736A /* Guess_the_Place_Tests.swift in Sources */,
			);
			runOnlyForDeploymentPostprocessing = 0;
		};
/* End PBXSourcesBuildPhase section */

/* Begin PBXTargetDependency section */
		4CB9F3B5223A5EDA008F736A /* PBXTargetDependency */ = {
			isa = PBXTargetDependency;
			target = 4CB9F39E223A5ED8008F736A /* Guess the Place! */;
			targetProxy = 4CB9F3B4223A5EDA008F736A /* PBXContainerItemProxy */;
		};
/* End PBXTargetDependency section */

/* Begin PBXVariantGroup section */
		4CB9F3AB223A5EDA008F736A /* LaunchScreen.storyboard */ = {
			isa = PBXVariantGroup;
			children = (
				4CB9F3AC223A5EDA008F736A /* Base */,
			);
			name = LaunchScreen.storyboard;
			sourceTree = "<group>";
		};
/* End PBXVariantGroup section */

/* Begin XCBuildConfiguration section */
		4CB9F3BA223A5EDA008F736A /* Debug */ = {
			isa = XCBuildConfiguration;
			buildSettings = {
				ALWAYS_SEARCH_USER_PATHS = NO;
				CLANG_ANALYZER_NONNULL = YES;
				CLANG_ANALYZER_NUMBER_OBJECT_CONVERSION = YES_AGGRESSIVE;
				CLANG_CXX_LANGUAGE_STANDARD = "gnu++14";
				CLANG_CXX_LIBRARY = "libc++";
				CLANG_ENABLE_MODULES = YES;
				CLANG_ENABLE_OBJC_ARC = YES;
				CLANG_ENABLE_OBJC_WEAK = YES;
				CLANG_WARN_BLOCK_CAPTURE_AUTORELEASING = YES;
				CLANG_WARN_BOOL_CONVERSION = YES;
				CLANG_WARN_COMMA = YES;
				CLANG_WARN_CONSTANT_CONVERSION = YES;
				CLANG_WARN_DEPRECATED_OBJC_IMPLEMENTATIONS = YES;
				CLANG_WARN_DIRECT_OBJC_ISA_USAGE = YES_ERROR;
				CLANG_WARN_DOCUMENTATION_COMMENTS = YES;
				CLANG_WARN_EMPTY_BODY = YES;
				CLANG_WARN_ENUM_CONVERSION = YES;
				CLANG_WARN_INFINITE_RECURSION = YES;
				CLANG_WARN_INT_CONVERSION = YES;
				CLANG_WARN_NON_LITERAL_NULL_CONVERSION = YES;
				CLANG_WARN_OBJC_IMPLICIT_RETAIN_SELF = YES;
				CLANG_WARN_OBJC_LITERAL_CONVERSION = YES;
				CLANG_WARN_OBJC_ROOT_CLASS = YES_ERROR;
				CLANG_WARN_RANGE_LOOP_ANALYSIS = YES;
				CLANG_WARN_STRICT_PROTOTYPES = YES;
				CLANG_WARN_SUSPICIOUS_MOVE = YES;
				CLANG_WARN_UNGUARDED_AVAILABILITY = YES_AGGRESSIVE;
				CLANG_WARN_UNREACHABLE_CODE = YES;
				CLANG_WARN__DUPLICATE_METHOD_MATCH = YES;
				CODE_SIGN_IDENTITY = "iPhone Developer";
				COPY_PHASE_STRIP = NO;
				DEBUG_INFORMATION_FORMAT = dwarf;
				ENABLE_STRICT_OBJC_MSGSEND = YES;
				ENABLE_TESTABILITY = YES;
				GCC_C_LANGUAGE_STANDARD = gnu11;
				GCC_DYNAMIC_NO_PIC = NO;
				GCC_NO_COMMON_BLOCKS = YES;
				GCC_OPTIMIZATION_LEVEL = 0;
				GCC_PREPROCESSOR_DEFINITIONS = (
					"DEBUG=1",
					"$(inherited)",
				);
				GCC_WARN_64_TO_32_BIT_CONVERSION = YES;
				GCC_WARN_ABOUT_RETURN_TYPE = YES_ERROR;
				GCC_WARN_UNDECLARED_SELECTOR = YES;
				GCC_WARN_UNINITIALIZED_AUTOS = YES_AGGRESSIVE;
				GCC_WARN_UNUSED_FUNCTION = YES;
				GCC_WARN_UNUSED_VARIABLE = YES;
				IPHONEOS_DEPLOYMENT_TARGET = 12.1;
				MTL_ENABLE_DEBUG_INFO = INCLUDE_SOURCE;
				MTL_FAST_MATH = YES;
				ONLY_ACTIVE_ARCH = YES;
				SDKROOT = iphoneos;
				SWIFT_ACTIVE_COMPILATION_CONDITIONS = DEBUG;
				SWIFT_OPTIMIZATION_LEVEL = "-Onone";
			};
			name = Debug;
		};
		4CB9F3BB223A5EDA008F736A /* Release */ = {
			isa = XCBuildConfiguration;
			buildSettings = {
				ALWAYS_SEARCH_USER_PATHS = NO;
				CLANG_ANALYZER_NONNULL = YES;
				CLANG_ANALYZER_NUMBER_OBJECT_CONVERSION = YES_AGGRESSIVE;
				CLANG_CXX_LANGUAGE_STANDARD = "gnu++14";
				CLANG_CXX_LIBRARY = "libc++";
				CLANG_ENABLE_MODULES = YES;
				CLANG_ENABLE_OBJC_ARC = YES;
				CLANG_ENABLE_OBJC_WEAK = YES;
				CLANG_WARN_BLOCK_CAPTURE_AUTORELEASING = YES;
				CLANG_WARN_BOOL_CONVERSION = YES;
				CLANG_WARN_COMMA = YES;
				CLANG_WARN_CONSTANT_CONVERSION = YES;
				CLANG_WARN_DEPRECATED_OBJC_IMPLEMENTATIONS = YES;
				CLANG_WARN_DIRECT_OBJC_ISA_USAGE = YES_ERROR;
				CLANG_WARN_DOCUMENTATION_COMMENTS = YES;
				CLANG_WARN_EMPTY_BODY = YES;
				CLANG_WARN_ENUM_CONVERSION = YES;
				CLANG_WARN_INFINITE_RECURSION = YES;
				CLANG_WARN_INT_CONVERSION = YES;
				CLANG_WARN_NON_LITERAL_NULL_CONVERSION = YES;
				CLANG_WARN_OBJC_IMPLICIT_RETAIN_SELF = YES;
				CLANG_WARN_OBJC_LITERAL_CONVERSION = YES;
				CLANG_WARN_OBJC_ROOT_CLASS = YES_ERROR;
				CLANG_WARN_RANGE_LOOP_ANALYSIS = YES;
				CLANG_WARN_STRICT_PROTOTYPES = YES;
				CLANG_WARN_SUSPICIOUS_MOVE = YES;
				CLANG_WARN_UNGUARDED_AVAILABILITY = YES_AGGRESSIVE;
				CLANG_WARN_UNREACHABLE_CODE = YES;
				CLANG_WARN__DUPLICATE_METHOD_MATCH = YES;
				CODE_SIGN_IDENTITY = "iPhone Developer";
				COPY_PHASE_STRIP = NO;
				DEBUG_INFORMATION_FORMAT = "dwarf-with-dsym";
				ENABLE_NS_ASSERTIONS = NO;
				ENABLE_STRICT_OBJC_MSGSEND = YES;
				GCC_C_LANGUAGE_STANDARD = gnu11;
				GCC_NO_COMMON_BLOCKS = YES;
				GCC_WARN_64_TO_32_BIT_CONVERSION = YES;
				GCC_WARN_ABOUT_RETURN_TYPE = YES_ERROR;
				GCC_WARN_UNDECLARED_SELECTOR = YES;
				GCC_WARN_UNINITIALIZED_AUTOS = YES_AGGRESSIVE;
				GCC_WARN_UNUSED_FUNCTION = YES;
				GCC_WARN_UNUSED_VARIABLE = YES;
				IPHONEOS_DEPLOYMENT_TARGET = 12.1;
				MTL_ENABLE_DEBUG_INFO = NO;
				MTL_FAST_MATH = YES;
				SDKROOT = iphoneos;
				SWIFT_COMPILATION_MODE = wholemodule;
				SWIFT_OPTIMIZATION_LEVEL = "-O";
				VALIDATE_PRODUCT = YES;
			};
			name = Release;
		};
		4CB9F3BD223A5EDA008F736A /* Debug */ = {
			isa = XCBuildConfiguration;
			baseConfigurationReference = 7B5811B68721DEA074DBBDE7 /* Pods-Guess the Place!.debug.xcconfig */;
			buildSettings = {
				ASSETCATALOG_COMPILER_APPICON_NAME = AppIcon;
				CODE_SIGN_STYLE = Automatic;
				DEVELOPMENT_TEAM = CJS444RRKW;
				INFOPLIST_FILE = "$(SRCROOT)/Guess the Place!/Resources/Info.plist";
				IPHONEOS_DEPLOYMENT_TARGET = 11.0;
				LD_RUNPATH_SEARCH_PATHS = (
					"$(inherited)",
					"@executable_path/Frameworks",
				);
				PRODUCT_BUNDLE_IDENTIFIER = "com.developer.tesnik.Guess-the-Place-";
				PRODUCT_NAME = "$(TARGET_NAME)";
				SWIFT_VERSION = 4.2;
				TARGETED_DEVICE_FAMILY = 1;
			};
			name = Debug;
		};
		4CB9F3BE223A5EDA008F736A /* Release */ = {
			isa = XCBuildConfiguration;
			baseConfigurationReference = 1DBABB6458F15E818FDD718B /* Pods-Guess the Place!.release.xcconfig */;
			buildSettings = {
				ASSETCATALOG_COMPILER_APPICON_NAME = AppIcon;
				CODE_SIGN_STYLE = Automatic;
				DEVELOPMENT_TEAM = CJS444RRKW;
				INFOPLIST_FILE = "$(SRCROOT)/Guess the Place!/Resources/Info.plist";
				IPHONEOS_DEPLOYMENT_TARGET = 11.0;
				LD_RUNPATH_SEARCH_PATHS = (
					"$(inherited)",
					"@executable_path/Frameworks",
				);
				PRODUCT_BUNDLE_IDENTIFIER = "com.developer.tesnik.Guess-the-Place-";
				PRODUCT_NAME = "$(TARGET_NAME)";
				SWIFT_VERSION = 4.2;
				TARGETED_DEVICE_FAMILY = 1;
			};
			name = Release;
		};
		4CB9F3C0223A5EDA008F736A /* Debug */ = {
			isa = XCBuildConfiguration;
			baseConfigurationReference = F5A642AC660A24B2ADE70EEF /* Pods-Guess the Place!Tests.debug.xcconfig */;
			buildSettings = {
				ALWAYS_EMBED_SWIFT_STANDARD_LIBRARIES = YES;
				BUNDLE_LOADER = "$(TEST_HOST)";
				CODE_SIGN_STYLE = Automatic;
				DEVELOPMENT_TEAM = CJS444RRKW;
				INFOPLIST_FILE = "Guess the Place!Tests/Info.plist";
				LD_RUNPATH_SEARCH_PATHS = (
					"$(inherited)",
					"@executable_path/Frameworks",
					"@loader_path/Frameworks",
				);
				PRODUCT_BUNDLE_IDENTIFIER = "com.developer.tesnik.Guess-the-Place-Tests";
				PRODUCT_NAME = "$(TARGET_NAME)";
				SWIFT_VERSION = 4.2;
				TARGETED_DEVICE_FAMILY = "1,2";
				TEST_HOST = "$(BUILT_PRODUCTS_DIR)/Guess the Place!.app/Guess the Place!";
			};
			name = Debug;
		};
		4CB9F3C1223A5EDA008F736A /* Release */ = {
			isa = XCBuildConfiguration;
			baseConfigurationReference = 5EA408CA3833CAB279C778DF /* Pods-Guess the Place!Tests.release.xcconfig */;
			buildSettings = {
				ALWAYS_EMBED_SWIFT_STANDARD_LIBRARIES = YES;
				BUNDLE_LOADER = "$(TEST_HOST)";
				CODE_SIGN_STYLE = Automatic;
				DEVELOPMENT_TEAM = CJS444RRKW;
				INFOPLIST_FILE = "Guess the Place!Tests/Info.plist";
				LD_RUNPATH_SEARCH_PATHS = (
					"$(inherited)",
					"@executable_path/Frameworks",
					"@loader_path/Frameworks",
				);
				PRODUCT_BUNDLE_IDENTIFIER = "com.developer.tesnik.Guess-the-Place-Tests";
				PRODUCT_NAME = "$(TARGET_NAME)";
				SWIFT_VERSION = 4.2;
				TARGETED_DEVICE_FAMILY = "1,2";
				TEST_HOST = "$(BUILT_PRODUCTS_DIR)/Guess the Place!.app/Guess the Place!";
			};
			name = Release;
		};
/* End XCBuildConfiguration section */

/* Begin XCConfigurationList section */
		4CB9F39A223A5ED7008F736A /* Build configuration list for PBXProject "Guess the Place!" */ = {
			isa = XCConfigurationList;
			buildConfigurations = (
				4CB9F3BA223A5EDA008F736A /* Debug */,
				4CB9F3BB223A5EDA008F736A /* Release */,
			);
			defaultConfigurationIsVisible = 0;
			defaultConfigurationName = Release;
		};
		4CB9F3BC223A5EDA008F736A /* Build configuration list for PBXNativeTarget "Guess the Place!" */ = {
			isa = XCConfigurationList;
			buildConfigurations = (
				4CB9F3BD223A5EDA008F736A /* Debug */,
				4CB9F3BE223A5EDA008F736A /* Release */,
			);
			defaultConfigurationIsVisible = 0;
			defaultConfigurationName = Release;
		};
		4CB9F3BF223A5EDA008F736A /* Build configuration list for PBXNativeTarget "Guess the Place!Tests" */ = {
			isa = XCConfigurationList;
			buildConfigurations = (
				4CB9F3C0223A5EDA008F736A /* Debug */,
				4CB9F3C1223A5EDA008F736A /* Release */,
			);
			defaultConfigurationIsVisible = 0;
			defaultConfigurationName = Release;
		};
/* End XCConfigurationList section */
	};
	rootObject = 4CB9F397223A5ED7008F736A /* Project object */;
}
