PODS:
  - GoogleMaps (3.0.3):
    - GoogleMaps/Maps (= 3.0.3)
  - GoogleMaps/Base (3.0.3)
  - GoogleMaps/Maps (3.0.3):
    - GoogleMaps/Base
  - GooglePlaces (3.0.3):
    - GoogleMaps/Base (= 3.0.3)
  - Realm (3.14.0):
    - Realm/Headers (= 3.14.0)
  - Realm/Headers (3.14.0)
  - RealmSwift (3.14.0):
    - Realm (= 3.14.0)

DEPENDENCIES:
  - GoogleMaps
  - GooglePlaces
  - RealmSwift

SPEC REPOS:
  https://github.com/cocoapods/specs.git:
    - GoogleMaps
    - GooglePlaces
    - Realm
    - RealmSwift

SPEC CHECKSUMS:
  GoogleMaps: fd5c9fa58871781b9fb94d4936f19c69fe60ce32
  GooglePlaces: f09e76993c9c3ee4af8f4f7f535bb94d6aa3b649
  Realm: 221b25919bb5a010a3c597d707f8df3492dcd93a
  RealmSwift: 28f22dfa6a27b9a778cfb09471558b6afcf1022c

PODFILE CHECKSUM: 7675597016982f372c732c8d45969370de68d8d0

COCOAPODS: 1.6.0
